
Microsoft Visual Studio Solution File, Format Version 12.00
# Visual Studio Version 17
VisualStudioVersion = 17.3.32922.545
MinimumVisualStudioVersion = 10.0.40219.1
Project("{9A19103F-16F7-4668-BE54-9A1E7A4F7556}") = "GeometricalPictures", "GeometricalPictures.csproj", "{C5405919-F40B-4328-A1A6-1C0F22692196}"
EndProject
Global
	GlobalSection(SolutionConfigurationPlatforms) = preSolution
		Debug|Any CPU = Debug|Any CPU
		Release|Any CPU = Release|Any CPU
	EndGlobalSection
	GlobalSection(ProjectConfigurationPlatforms) = postSolution
		{C5405919-F40B-4328-A1A6-1C0F22692196}.Debug|Any CPU.ActiveCfg = Debug|Any CPU
		{C5405919-F40B-4328-A1A6-1C0F22692196}.Debug|Any CPU.Build.0 = Debug|Any CPU
		{C5405919-F40B-4328-A1A6-1C0F22692196}.Release|Any CPU.ActiveCfg = Release|Any CPU
		{C5405919-F40B-4328-A1A6-1C0F22692196}.Release|Any CPU.Build.0 = Release|Any CPU
	EndGlobalSection
	GlobalSection(SolutionProperties) = preSolution
		HideSolutionNode = FALSE
	EndGlobalSection
	GlobalSection(ExtensibilityGlobals) = postSolution
		SolutionGuid = {5FDAAB85-F6FF-4A2C-B4EE-1C3BEFC2C843}
	EndGlobalSection
EndGlobal
